{
  "name": "backframe",
  "version": "1.0.1",
  "lockfileVersion": 1,
  "requires": true,
  "dependencies": {
    "frame-net": {
      "version": "1.0.3",
      "resolved": "https://registry.npmjs.org/frame-net/-/frame-net-1.0.3.tgz",
      "integrity": "sha512-mXvmAn4SVuwIcBixGN3oIJCTmklAlzoscZtGPcfHyPV3eKrMdfXQV4dXRp1tgFlLE/oPeN4aj5eipeKygzJ8KA=="
    },
    "mkdirp-sync": {
      "version": "0.0.3",
      "resolved": "https://registry.npmjs.org/mkdirp-sync/-/mkdirp-sync-0.0.3.tgz",
      "integrity": "sha512-p3raJmGXoDqceIMqxAgx/DHesLkC+Ni+qTUpVIXuTuvvVcIihAbcTT68w68HHMqW5yEreNB1dl2EBm4TKtnLoQ=="
    }
  }
}
